// !$*UTF8*$!
{
	archiveVersion = 1;
	classes = {
	};
	objectVersion = 56;
	objects = {

/* Begin PBXBuildFile section */
		F72A7DB62CAD0F35009B75F3 /* DateScrollView.swift in Sources */ = {isa = PBXBuildFile; fileRef = F72A7DB52CAD0F35009B75F3 /* DateScrollView.swift */; };
		F765BD6B2C98582100C81CD7 /* TaskManagementApp.swift in Sources */ = {isa = PBXBuildFile; fileRef = F765BD6A2C98582100C81CD7 /* TaskManagementApp.swift */; };
		F765BD6D2C98582100C81CD7 /* TaskManagement.swift in Sources */ = {isa = PBXBuildFile; fileRef = F765BD6C2C98582100C81CD7 /* TaskManagement.swift */; };
		F765BD6F2C98582300C81CD7 /* Assets.xcassets in Resources */ = {isa = PBXBuildFile; fileRef = F765BD6E2C98582300C81CD7 /* Assets.xcassets */; };
		F765BD732C98582300C81CD7 /* Preview Assets.xcassets in Resources */ = {isa = PBXBuildFile; fileRef = F765BD722C98582300C81CD7 /* Preview Assets.xcassets */; };
		F765BD7D2C98582300C81CD7 /* TaskManagementTests.swift in Sources */ = {isa = PBXBuildFile; fileRef = F765BD7C2C98582300C81CD7 /* TaskManagementTests.swift */; };
		F765BD872C98582300C81CD7 /* TaskManagementUITests.swift in Sources */ = {isa = PBXBuildFile; fileRef = F765BD862C98582300C81CD7 /* TaskManagementUITests.swift */; };
		F765BD892C98582300C81CD7 /* TaskManagementUITestsLaunchTests.swift in Sources */ = {isa = PBXBuildFile; fileRef = F765BD882C98582300C81CD7 /* TaskManagementUITestsLaunchTests.swift */; };
		F765BD972C9859A300C81CD7 /* NotchedTabBar.swift in Sources */ = {isa = PBXBuildFile; fileRef = F765BD962C9859A300C81CD7 /* NotchedTabBar.swift */; };
		F765BD9E2C98610700C81CD7 /* AccountScreen.swift in Sources */ = {isa = PBXBuildFile; fileRef = F765BD9D2C98610700C81CD7 /* AccountScreen.swift */; };
		F765BDA02C98611400C81CD7 /* DocumentScreen.swift in Sources */ = {isa = PBXBuildFile; fileRef = F765BD9F2C98611400C81CD7 /* DocumentScreen.swift */; };
		F765BDA22C98612000C81CD7 /* ScheduleScreen.swift in Sources */ = {isa = PBXBuildFile; fileRef = F765BDA12C98612000C81CD7 /* ScheduleScreen.swift */; };
		F765BDA42C98612D00C81CD7 /* HomeScreen.swift in Sources */ = {isa = PBXBuildFile; fileRef = F765BDA32C98612D00C81CD7 /* HomeScreen.swift */; };
		F765BDA62C986A6000C81CD7 /* FloatingTabBar.swift in Sources */ = {isa = PBXBuildFile; fileRef = F765BDA52C986A6000C81CD7 /* FloatingTabBar.swift */; };
		F765BDA82C98776400C81CD7 /* TaskManagementViewModel.swift in Sources */ = {isa = PBXBuildFile; fileRef = F765BDA72C98776400C81CD7 /* TaskManagementViewModel.swift */; };
/* End PBXBuildFile section */

/* Begin PBXContainerItemProxy section */
		F765BD792C98582300C81CD7 /* PBXContainerItemProxy */ = {
			isa = PBXContainerItemProxy;
			containerPortal = F765BD5F2C98582100C81CD7 /* Project object */;
			proxyType = 1;
			remoteGlobalIDString = F765BD662C98582100C81CD7;
			remoteInfo = TaskManagement;
		};
		F765BD832C98582300C81CD7 /* PBXContainerItemProxy */ = {
			isa = PBXContainerItemProxy;
			containerPortal = F765BD5F2C98582100C81CD7 /* Project object */;
			proxyType = 1;
			remoteGlobalIDString = F765BD662C98582100C81CD7;
			remoteInfo = TaskManagement;
		};
/* End PBXContainerItemProxy section */

/* Begin PBXFileReference section */
		F72A7DB52CAD0F35009B75F3 /* DateScrollView.swift */ = {isa = PBXFileReference; lastKnownFileType = sourcecode.swift; path = DateScrollView.swift; sourceTree = "<group>"; };
		F765BD672C98582100C81CD7 /* TaskManagement.app */ = {isa = PBXFileReference; explicitFileType = wrapper.application; includeInIndex = 0; path = TaskManagement.app; sourceTree = BUILT_PRODUCTS_DIR; };
		F765BD6A2C98582100C81CD7 /* TaskManagementApp.swift */ = {isa = PBXFileReference; lastKnownFileType = sourcecode.swift; path = TaskManagementApp.swift; sourceTree = "<group>"; };
		F765BD6C2C98582100C81CD7 /* TaskManagement.swift */ = {isa = PBXFileReference; lastKnownFileType = sourcecode.swift; path = TaskManagement.swift; sourceTree = "<group>"; };
		F765BD6E2C98582300C81CD7 /* Assets.xcassets */ = {isa = PBXFileReference; lastKnownFileType = folder.assetcatalog; path = Assets.xcassets; sourceTree = "<group>"; };
		F765BD702C98582300C81CD7 /* TaskManagement.entitlements */ = {isa = PBXFileReference; lastKnownFileType = text.plist.entitlements; path = TaskManagement.entitlements; sourceTree = "<group>"; };
		F765BD722C98582300C81CD7 /* Preview Assets.xcassets */ = {isa = PBXFileReference; lastKnownFileType = folder.assetcatalog; path = "Preview Assets.xcassets"; sourceTree = "<group>"; };
		F765BD782C98582300C81CD7 /* TaskManagementTests.xctest */ = {isa = PBXFileReference; explicitFileType = wrapper.cfbundle; includeInIndex = 0; path = TaskManagementTests.xctest; sourceTree = BUILT_PRODUCTS_DIR; };
		F765BD7C2C98582300C81CD7 /* TaskManagementTests.swift */ = {isa = PBXFileReference; lastKnownFileType = sourcecode.swift; path = TaskManagementTests.swift; sourceTree = "<group>"; };
		F765BD822C98582300C81CD7 /* TaskManagementUITests.xctest */ = {isa = PBXFileReference; explicitFileType = wrapper.cfbundle; includeInIndex = 0; path = TaskManagementUITests.xctest; sourceTree = BUILT_PRODUCTS_DIR; };
		F765BD862C98582300C81CD7 /* TaskManagementUITests.swift */ = {isa = PBXFileReference; lastKnownFileType = sourcecode.swift; path = TaskManagementUITests.swift; sourceTree = "<group>"; };
		F765BD882C98582300C81CD7 /* TaskManagementUITestsLaunchTests.swift */ = {isa = PBXFileReference; lastKnownFileType = sourcecode.swift; path = TaskManagementUITestsLaunchTests.swift; sourceTree = "<group>"; };
		F765BD962C9859A300C81CD7 /* NotchedTabBar.swift */ = {isa = PBXFileReference; lastKnownFileType = sourcecode.swift; path = NotchedTabBar.swift; sourceTree = "<group>"; };
		F765BD9D2C98610700C81CD7 /* AccountScreen.swift */ = {isa = PBXFileReference; lastKnownFileType = sourcecode.swift; path = AccountScreen.swift; sourceTree = "<group>"; };
		F765BD9F2C98611400C81CD7 /* DocumentScreen.swift */ = {isa = PBXFileReference; lastKnownFileType = sourcecode.swift; path = DocumentScreen.swift; sourceTree = "<group>"; };
		F765BDA12C98612000C81CD7 /* ScheduleScreen.swift */ = {isa = PBXFileReference; lastKnownFileType = sourcecode.swift; path = ScheduleScreen.swift; sourceTree = "<group>"; };
		F765BDA32C98612D00C81CD7 /* HomeScreen.swift */ = {isa = PBXFileReference; lastKnownFileType = sourcecode.swift; path = HomeScreen.swift; sourceTree = "<group>"; };
		F765BDA52C986A6000C81CD7 /* FloatingTabBar.swift */ = {isa = PBXFileReference; lastKnownFileType = sourcecode.swift; path = FloatingTabBar.swift; sourceTree = "<group>"; };
		F765BDA72C98776400C81CD7 /* TaskManagementViewModel.swift */ = {isa = PBXFileReference; lastKnownFileType = sourcecode.swift; path = TaskManagementViewModel.swift; sourceTree = "<group>"; };
/* End PBXFileReference section */

/* Begin PBXFrameworksBuildPhase section */
		F765BD642C98582100C81CD7 /* Frameworks */ = {
			isa = PBXFrameworksBuildPhase;
			buildActionMask = 2147483647;
			files = (
			);
			runOnlyForDeploymentPostprocessing = 0;
		};
		F765BD752C98582300C81CD7 /* Frameworks */ = {
			isa = PBXFrameworksBuildPhase;
			buildActionMask = 2147483647;
			files = (
			);
			runOnlyForDeploymentPostprocessing = 0;
		};
		F765BD7F2C98582300C81CD7 /* Frameworks */ = {
			isa = PBXFrameworksBuildPhase;
			buildActionMask = 2147483647;
			files = (
			);
			runOnlyForDeploymentPostprocessing = 0;
		};
/* End PBXFrameworksBuildPhase section */

/* Begin PBXGroup section */
		F765BD5E2C98582100C81CD7 = {
			isa = PBXGroup;
			children = (
				F765BD692C98582100C81CD7 /* TaskManagement */,
				F765BD7B2C98582300C81CD7 /* TaskManagementTests */,
				F765BD852C98582300C81CD7 /* TaskManagementUITests */,
				F765BD682C98582100C81CD7 /* Products */,
			);
			sourceTree = "<group>";
		};
		F765BD682C98582100C81CD7 /* Products */ = {
			isa = PBXGroup;
			children = (
				F765BD672C98582100C81CD7 /* TaskManagement.app */,
				F765BD782C98582300C81CD7 /* TaskManagementTests.xctest */,
				F765BD822C98582300C81CD7 /* TaskManagementUITests.xctest */,
			);
			name = Products;
			sourceTree = "<group>";
		};
		F765BD692C98582100C81CD7 /* TaskManagement */ = {
			isa = PBXGroup;
			children = (
				F765BD982C985EFF00C81CD7 /* Screens */,
				F765BD952C98599300C81CD7 /* Components */,
				F765BD6A2C98582100C81CD7 /* TaskManagementApp.swift */,
				F765BD6C2C98582100C81CD7 /* TaskManagement.swift */,
				F765BD6E2C98582300C81CD7 /* Assets.xcassets */,
				F765BD702C98582300C81CD7 /* TaskManagement.entitlements */,
				F765BD712C98582300C81CD7 /* Preview Content */,
				F765BDA72C98776400C81CD7 /* TaskManagementViewModel.swift */,
			);
			path = TaskManagement;
			sourceTree = "<group>";
		};
		F765BD712C98582300C81CD7 /* Preview Content */ = {
			isa = PBXGroup;
			children = (
				F765BD722C98582300C81CD7 /* Preview Assets.xcassets */,
			);
			path = "Preview Content";
			sourceTree = "<group>";
		};
		F765BD7B2C98582300C81CD7 /* TaskManagementTests */ = {
			isa = PBXGroup;
			children = (
				F765BD7C2C98582300C81CD7 /* TaskManagementTests.swift */,
			);
			path = TaskManagementTests;
			sourceTree = "<group>";
		};
		F765BD852C98582300C81CD7 /* TaskManagementUITests */ = {
			isa = PBXGroup;
			children = (
				F765BD862C98582300C81CD7 /* TaskManagementUITests.swift */,
				F765BD882C98582300C81CD7 /* TaskManagementUITestsLaunchTests.swift */,
			);
			path = TaskManagementUITests;
			sourceTree = "<group>";
		};
		F765BD952C98599300C81CD7 /* Components */ = {
			isa = PBXGroup;
			children = (
				F765BD962C9859A300C81CD7 /* NotchedTabBar.swift */,
				F765BDA52C986A6000C81CD7 /* FloatingTabBar.swift */,
				F72A7DB52CAD0F35009B75F3 /* DateScrollView.swift */,
			);
			path = Components;
			sourceTree = "<group>";
		};
		F765BD982C985EFF00C81CD7 /* Screens */ = {
			isa = PBXGroup;
			children = (
				F765BD9C2C9860F800C81CD7 /* Account */,
				F765BD9B2C9860E500C81CD7 /* Document */,
				F765BD9A2C9860DF00C81CD7 /* Schedule */,
				F765BD992C9860D600C81CD7 /* Home */,
			);
			path = Screens;
			sourceTree = "<group>";
		};
		F765BD992C9860D600C81CD7 /* Home */ = {
			isa = PBXGroup;
			children = (
				F765BDA32C98612D00C81CD7 /* HomeScreen.swift */,
			);
			path = Home;
			sourceTree = "<group>";
		};
		F765BD9A2C9860DF00C81CD7 /* Schedule */ = {
			isa = PBXGroup;
			children = (
				F765BDA12C98612000C81CD7 /* ScheduleScreen.swift */,
			);
			path = Schedule;
			sourceTree = "<group>";
		};
		F765BD9B2C9860E500C81CD7 /* Document */ = {
			isa = PBXGroup;
			children = (
				F765BD9F2C98611400C81CD7 /* DocumentScreen.swift */,
			);
			path = Document;
			sourceTree = "<group>";
		};
		F765BD9C2C9860F800C81CD7 /* Account */ = {
			isa = PBXGroup;
			children = (
				F765BD9D2C98610700C81CD7 /* AccountScreen.swift */,
			);
			path = Account;
			sourceTree = "<group>";
		};
/* End PBXGroup section */

/* Begin PBXNativeTarget section */
		F765BD662C98582100C81CD7 /* TaskManagement */ = {
			isa = PBXNativeTarget;
			buildConfigurationList = F765BD8C2C98582300C81CD7 /* Build configuration list for PBXNativeTarget "TaskManagement" */;
			buildPhases = (
				F765BD632C98582100C81CD7 /* Sources */,
				F765BD642C98582100C81CD7 /* Frameworks */,
				F765BD652C98582100C81CD7 /* Resources */,
			);
			buildRules = (
			);
			dependencies = (
			);
			name = TaskManagement;
			productName = TaskManagement;
			productReference = F765BD672C98582100C81CD7 /* TaskManagement.app */;
			productType = "com.apple.product-type.application";
		};
		F765BD772C98582300C81CD7 /* TaskManagementTests */ = {
			isa = PBXNativeTarget;
			buildConfigurationList = F765BD8F2C98582300C81CD7 /* Build configuration list for PBXNativeTarget "TaskManagementTests" */;
			buildPhases = (
				F765BD742C98582300C81CD7 /* Sources */,
				F765BD752C98582300C81CD7 /* Frameworks */,
				F765BD762C98582300C81CD7 /* Resources */,
			);
			buildRules = (
			);
			dependencies = (
				F765BD7A2C98582300C81CD7 /* PBXTargetDependency */,
			);
			name = TaskManagementTests;
			productName = TaskManagementTests;
			productReference = F765BD782C98582300C81CD7 /* TaskManagementTests.xctest */;
			productType = "com.apple.product-type.bundle.unit-test";
		};
		F765BD812C98582300C81CD7 /* TaskManagementUITests */ = {
			isa = PBXNativeTarget;
			buildConfigurationList = F765BD922C98582300C81CD7 /* Build configuration list for PBXNativeTarget "TaskManagementUITests" */;
			buildPhases = (
				F765BD7E2C98582300C81CD7 /* Sources */,
				F765BD7F2C98582300C81CD7 /* Frameworks */,
				F765BD802C98582300C81CD7 /* Resources */,
			);
			buildRules = (
			);
			dependencies = (
				F765BD842C98582300C81CD7 /* PBXTargetDependency */,
			);
			name = TaskManagementUITests;
			productName = TaskManagementUITests;
			productReference = F765BD822C98582300C81CD7 /* TaskManagementUITests.xctest */;
			productType = "com.apple.product-type.bundle.ui-testing";
		};
/* End PBXNativeTarget section */

/* Begin PBXProject section */
		F765BD5F2C98582100C81CD7 /* Project object */ = {
			isa = PBXProject;
			attributes = {
				BuildIndependentTargetsInParallel = 1;
				LastSwiftUpdateCheck = 1540;
				LastUpgradeCheck = 1540;
				TargetAttributes = {
					F765BD662C98582100C81CD7 = {
						CreatedOnToolsVersion = 15.4;
					};
					F765BD772C98582300C81CD7 = {
						CreatedOnToolsVersion = 15.4;
						TestTargetID = F765BD662C98582100C81CD7;
					};
					F765BD812C98582300C81CD7 = {
						CreatedOnToolsVersion = 15.4;
						TestTargetID = F765BD662C98582100C81CD7;
					};
				};
			};
			buildConfigurationList = F765BD622C98582100C81CD7 /* Build configuration list for PBXProject "TaskManagement" */;
			compatibilityVersion = "Xcode 14.0";
			developmentRegion = en;
			hasScannedForEncodings = 0;
			knownRegions = (
				en,
				Base,
			);
			mainGroup = F765BD5E2C98582100C81CD7;
			productRefGroup = F765BD682C98582100C81CD7 /* Products */;
			projectDirPath = "";
			projectRoot = "";
			targets = (
				F765BD662C98582100C81CD7 /* TaskManagement */,
				F765BD772C98582300C81CD7 /* TaskManagementTests */,
				F765BD812C98582300C81CD7 /* TaskManagementUITests */,
			);
		};
/* End PBXProject section */

/* Begin PBXResourcesBuildPhase section */
		F765BD652C98582100C81CD7 /* Resources */ = {
			isa = PBXResourcesBuildPhase;
			buildActionMask = 2147483647;
			files = (
				F765BD732C98582300C81CD7 /* Preview Assets.xcassets in Resources */,
				F765BD6F2C98582300C81CD7 /* Assets.xcassets in Resources */,
			);
			runOnlyForDeploymentPostprocessing = 0;
		};
		F765BD762C98582300C81CD7 /* Resources */ = {
			isa = PBXResourcesBuildPhase;
			buildActionMask = 2147483647;
			files = (
			);
			runOnlyForDeploymentPostprocessing = 0;
		};
		F765BD802C98582300C81CD7 /* Resources */ = {
			isa = PBXResourcesBuildPhase;
			buildActionMask = 2147483647;
			files = (
			);
			runOnlyForDeploymentPostprocessing = 0;
		};
/* End PBXResourcesBuildPhase section */

/* Begin PBXSourcesBuildPhase section */
		F765BD632C98582100C81CD7 /* Sources */ = {
			isa = PBXSourcesBuildPhase;
			buildActionMask = 2147483647;
			files = (
				F765BD6D2C98582100C81CD7 /* TaskManagement.swift in Sources */,
				F765BDA82C98776400C81CD7 /* TaskManagementViewModel.swift in Sources */,
				F765BD6B2C98582100C81CD7 /* TaskManagementApp.swift in Sources */,
				F72A7DB62CAD0F35009B75F3 /* DateScrollView.swift in Sources */,
				F765BDA42C98612D00C81CD7 /* HomeScreen.swift in Sources */,
				F765BD972C9859A300C81CD7 /* NotchedTabBar.swift in Sources */,
				F765BDA02C98611400C81CD7 /* DocumentScreen.swift in Sources */,
				F765BDA22C98612000C81CD7 /* ScheduleScreen.swift in Sources */,
				F765BD9E2C98610700C81CD7 /* AccountScreen.swift in Sources */,
				F765BDA62C986A6000C81CD7 /* FloatingTabBar.swift in Sources */,
			);
			runOnlyForDeploymentPostprocessing = 0;
		};
		F765BD742C98582300C81CD7 /* Sources */ = {
			isa = PBXSourcesBuildPhase;
			buildActionMask = 2147483647;
			files = (
				F765BD7D2C98582300C81CD7 /* TaskManagementTests.swift in Sources */,
			);
			runOnlyForDeploymentPostprocessing = 0;
		};
		F765BD7E2C98582300C81CD7 /* Sources */ = {
			isa = PBXSourcesBuildPhase;
			buildActionMask = 2147483647;
			files = (
				F765BD892C98582300C81CD7 /* TaskManagementUITestsLaunchTests.swift in Sources */,
				F765BD872C98582300C81CD7 /* TaskManagementUITests.swift in Sources */,
			);
			runOnlyForDeploymentPostprocessing = 0;
		};
/* End PBXSourcesBuildPhase section */

/* Begin PBXTargetDependency section */
		F765BD7A2C98582300C81CD7 /* PBXTargetDependency */ = {
			isa = PBXTargetDependency;
			target = F765BD662C98582100C81CD7 /* TaskManagement */;
			targetProxy = F765BD792C98582300C81CD7 /* PBXContainerItemProxy */;
		};
		F765BD842C98582300C81CD7 /* PBXTargetDependency */ = {
			isa = PBXTargetDependency;
			target = F765BD662C98582100C81CD7 /* TaskManagement */;
			targetProxy = F765BD832C98582300C81CD7 /* PBXContainerItemProxy */;
		};
/* End PBXTargetDependency section */

/* Begin XCBuildConfiguration section */
		F765BD8A2C98582300C81CD7 /* Debug */ = {
			isa = XCBuildConfiguration;
			buildSettings = {
				ALWAYS_SEARCH_USER_PATHS = NO;
				ASSETCATALOG_COMPILER_GENERATE_SWIFT_ASSET_SYMBOL_EXTENSIONS = YES;
				CLANG_ANALYZER_NONNULL = YES;
				CLANG_ANALYZER_NUMBER_OBJECT_CONVERSION = YES_AGGRESSIVE;
				CLANG_CXX_LANGUAGE_STANDARD = "gnu++20";
				CLANG_ENABLE_MODULES = YES;
				CLANG_ENABLE_OBJC_ARC = YES;
				CLANG_ENABLE_OBJC_WEAK = YES;
				CLANG_WARN_BLOCK_CAPTURE_AUTORELEASING = YES;
				CLANG_WARN_BOOL_CONVERSION = YES;
				CLANG_WARN_COMMA = YES;
				CLANG_WARN_CONSTANT_CONVERSION = YES;
				CLANG_WARN_DEPRECATED_OBJC_IMPLEMENTATIONS = YES;
				CLANG_WARN_DIRECT_OBJC_ISA_USAGE = YES_ERROR;
				CLANG_WARN_DOCUMENTATION_COMMENTS = YES;
				CLANG_WARN_EMPTY_BODY = YES;
				CLANG_WARN_ENUM_CONVERSION = YES;
				CLANG_WARN_INFINITE_RECURSION = YES;
				CLANG_WARN_INT_CONVERSION = YES;
				CLANG_WARN_NON_LITERAL_NULL_CONVERSION = YES;
				CLANG_WARN_OBJC_IMPLICIT_RETAIN_SELF = YES;
				CLANG_WARN_OBJC_LITERAL_CONVERSION = YES;
				CLANG_WARN_OBJC_ROOT_CLASS = YES_ERROR;
				CLANG_WARN_QUOTED_INCLUDE_IN_FRAMEWORK_HEADER = YES;
				CLANG_WARN_RANGE_LOOP_ANALYSIS = YES;
				CLANG_WARN_STRICT_PROTOTYPES = YES;
				CLANG_WARN_SUSPICIOUS_MOVE = YES;
				CLANG_WARN_UNGUARDED_AVAILABILITY = YES_AGGRESSIVE;
				CLANG_WARN_UNREACHABLE_CODE = YES;
				CLANG_WARN__DUPLICATE_METHOD_MATCH = YES;
				COPY_PHASE_STRIP = NO;
				DEBUG_INFORMATION_FORMAT = dwarf;
				ENABLE_STRICT_OBJC_MSGSEND = YES;
				ENABLE_TESTABILITY = YES;
				ENABLE_USER_SCRIPT_SANDBOXING = YES;
				GCC_C_LANGUAGE_STANDARD = gnu17;
				GCC_DYNAMIC_NO_PIC = NO;
				GCC_NO_COMMON_BLOCKS = YES;
				GCC_OPTIMIZATION_LEVEL = 0;
				GCC_PREPROCESSOR_DEFINITIONS = (
					"DEBUG=1",
					"$(inherited)",
				);
				GCC_WARN_64_TO_32_BIT_CONVERSION = YES;
				GCC_WARN_ABOUT_RETURN_TYPE = YES_ERROR;
				GCC_WARN_UNDECLARED_SELECTOR = YES;
				GCC_WARN_UNINITIALIZED_AUTOS = YES_AGGRESSIVE;
				GCC_WARN_UNUSED_FUNCTION = YES;
				GCC_WARN_UNUSED_VARIABLE = YES;
				LOCALIZATION_PREFERS_STRING_CATALOGS = YES;
				MTL_ENABLE_DEBUG_INFO = INCLUDE_SOURCE;
				MTL_FAST_MATH = YES;
				ONLY_ACTIVE_ARCH = YES;
				SWIFT_ACTIVE_COMPILATION_CONDITIONS = "DEBUG $(inherited)";
				SWIFT_OPTIMIZATION_LEVEL = "-Onone";
			};
			name = Debug;
		};
		F765BD8B2C98582300C81CD7 /* Release */ = {
			isa = XCBuildConfiguration;
			buildSettings = {
				ALWAYS_SEARCH_USER_PATHS = NO;
				ASSETCATALOG_COMPILER_GENERATE_SWIFT_ASSET_SYMBOL_EXTENSIONS = YES;
				CLANG_ANALYZER_NONNULL = YES;
				CLANG_ANALYZER_NUMBER_OBJECT_CONVERSION = YES_AGGRESSIVE;
				CLANG_CXX_LANGUAGE_STANDARD = "gnu++20";
				CLANG_ENABLE_MODULES = YES;
				CLANG_ENABLE_OBJC_ARC = YES;
				CLANG_ENABLE_OBJC_WEAK = YES;
				CLANG_WARN_BLOCK_CAPTURE_AUTORELEASING = YES;
				CLANG_WARN_BOOL_CONVERSION = YES;
				CLANG_WARN_COMMA = YES;
				CLANG_WARN_CONSTANT_CONVERSION = YES;
				CLANG_WARN_DEPRECATED_OBJC_IMPLEMENTATIONS = YES;
				CLANG_WARN_DIRECT_OBJC_ISA_USAGE = YES_ERROR;
				CLANG_WARN_DOCUMENTATION_COMMENTS = YES;
				CLANG_WARN_EMPTY_BODY = YES;
				CLANG_WARN_ENUM_CONVERSION = YES;
				CLANG_WARN_INFINITE_RECURSION = YES;
				CLANG_WARN_INT_CONVERSION = YES;
				CLANG_WARN_NON_LITERAL_NULL_CONVERSION = YES;
				CLANG_WARN_OBJC_IMPLICIT_RETAIN_SELF = YES;
				CLANG_WARN_OBJC_LITERAL_CONVERSION = YES;
				CLANG_WARN_OBJC_ROOT_CLASS = YES_ERROR;
				CLANG_WARN_QUOTED_INCLUDE_IN_FRAMEWORK_HEADER = YES;
				CLANG_WARN_RANGE_LOOP_ANALYSIS = YES;
				CLANG_WARN_STRICT_PROTOTYPES = YES;
				CLANG_WARN_SUSPICIOUS_MOVE = YES;
				CLANG_WARN_UNGUARDED_AVAILABILITY = YES_AGGRESSIVE;
				CLANG_WARN_UNREACHABLE_CODE = YES;
				CLANG_WARN__DUPLICATE_METHOD_MATCH = YES;
				COPY_PHASE_STRIP = NO;
				DEBUG_INFORMATION_FORMAT = "dwarf-with-dsym";
				ENABLE_NS_ASSERTIONS = NO;
				ENABLE_STRICT_OBJC_MSGSEND = YES;
				ENABLE_USER_SCRIPT_SANDBOXING = YES;
				GCC_C_LANGUAGE_STANDARD = gnu17;
				GCC_NO_COMMON_BLOCKS = YES;
				GCC_WARN_64_TO_32_BIT_CONVERSION = YES;
				GCC_WARN_ABOUT_RETURN_TYPE = YES_ERROR;
				GCC_WARN_UNDECLARED_SELECTOR = YES;
				GCC_WARN_UNINITIALIZED_AUTOS = YES_AGGRESSIVE;
				GCC_WARN_UNUSED_FUNCTION = YES;
				GCC_WARN_UNUSED_VARIABLE = YES;
				LOCALIZATION_PREFERS_STRING_CATALOGS = YES;
				MTL_ENABLE_DEBUG_INFO = NO;
				MTL_FAST_MATH = YES;
				SWIFT_COMPILATION_MODE = wholemodule;
			};
			name = Release;
		};
		F765BD8D2C98582300C81CD7 /* Debug */ = {
			isa = XCBuildConfiguration;
			buildSettings = {
				ASSETCATALOG_COMPILER_APPICON_NAME = AppIcon;
				ASSETCATALOG_COMPILER_GLOBAL_ACCENT_COLOR_NAME = AccentColor;
				CODE_SIGN_ENTITLEMENTS = TaskManagement/TaskManagement.entitlements;
				CODE_SIGN_STYLE = Automatic;
				CURRENT_PROJECT_VERSION = 1;
				DEVELOPMENT_ASSET_PATHS = "\"TaskManagement/Preview Content\"";
				DEVELOPMENT_TEAM = 486ZHD6ZL5;
				ENABLE_HARDENED_RUNTIME = YES;
				ENABLE_PREVIEWS = YES;
				GENERATE_INFOPLIST_FILE = YES;
				INFOPLIST_KEY_LSApplicationCategoryType = "public.app-category.utilities";
				"INFOPLIST_KEY_UIApplicationSceneManifest_Generation[sdk=iphoneos*]" = YES;
				"INFOPLIST_KEY_UIApplicationSceneManifest_Generation[sdk=iphonesimulator*]" = YES;
				"INFOPLIST_KEY_UIApplicationSupportsIndirectInputEvents[sdk=iphoneos*]" = YES;
				"INFOPLIST_KEY_UIApplicationSupportsIndirectInputEvents[sdk=iphonesimulator*]" = YES;
				"INFOPLIST_KEY_UILaunchScreen_Generation[sdk=iphoneos*]" = YES;
				"INFOPLIST_KEY_UILaunchScreen_Generation[sdk=iphonesimulator*]" = YES;
				"INFOPLIST_KEY_UIStatusBarStyle[sdk=iphoneos*]" = UIStatusBarStyleDefault;
				"INFOPLIST_KEY_UIStatusBarStyle[sdk=iphonesimulator*]" = UIStatusBarStyleDefault;
				INFOPLIST_KEY_UISupportedInterfaceOrientations_iPad = "UIInterfaceOrientationPortrait UIInterfaceOrientationPortraitUpsideDown UIInterfaceOrientationLandscapeLeft UIInterfaceOrientationLandscapeRight";
				INFOPLIST_KEY_UISupportedInterfaceOrientations_iPhone = "UIInterfaceOrientationPortrait UIInterfaceOrientationLandscapeLeft UIInterfaceOrientationLandscapeRight";
				IPHONEOS_DEPLOYMENT_TARGET = 17.5;
				LD_RUNPATH_SEARCH_PATHS = "@executable_path/Frameworks";
				"LD_RUNPATH_SEARCH_PATHS[sdk=macosx*]" = "@executable_path/../Frameworks";
				MACOSX_DEPLOYMENT_TARGET = 14.5;
				MARKETING_VERSION = 1.0;
				PRODUCT_BUNDLE_IDENTIFIER = com.radianrasyid.TaskManagement;
				PRODUCT_NAME = "$(TARGET_NAME)";
				SDKROOT = auto;
				SUPPORTED_PLATFORMS = "iphoneos iphonesimulator";
				SUPPORTS_MACCATALYST = NO;
				SWIFT_EMIT_LOC_STRINGS = YES;
				SWIFT_VERSION = 5.0;
				TARGETED_DEVICE_FAMILY = "1,2";
			};
			name = Debug;
		};
		F765BD8E2C98582300C81CD7 /* Release */ = {
			isa = XCBuildConfiguration;
			buildSettings = {
				ASSETCATALOG_COMPILER_APPICON_NAME = AppIcon;
				ASSETCATALOG_COMPILER_GLOBAL_ACCENT_COLOR_NAME = AccentColor;
				CODE_SIGN_ENTITLEMENTS = TaskManagement/TaskManagement.entitlements;
				CODE_SIGN_STYLE = Automatic;
				CURRENT_PROJECT_VERSION = 1;
				DEVELOPMENT_ASSET_PATHS = "\"TaskManagement/Preview Content\"";
				DEVELOPMENT_TEAM = 486ZHD6ZL5;
				ENABLE_HARDENED_RUNTIME = YES;
				ENABLE_PREVIEWS = YES;
				GENERATE_INFOPLIST_FILE = YES;
				INFOPLIST_KEY_LSApplicationCategoryType = "public.app-category.utilities";
				"INFOPLIST_KEY_UIApplicationSceneManifest_Generation[sdk=iphoneos*]" = YES;
				"INFOPLIST_KEY_UIApplicationSceneManifest_Generation[sdk=iphonesimulator*]" = YES;
				"INFOPLIST_KEY_UIApplicationSupportsIndirectInputEvents[sdk=iphoneos*]" = YES;
				"INFOPLIST_KEY_UIApplicationSupportsIndirectInputEvents[sdk=iphonesimulator*]" = YES;
				"INFOPLIST_KEY_UILaunchScreen_Generation[sdk=iphoneos*]" = YES;
				"INFOPLIST_KEY_UILaunchScreen_Generation[sdk=iphonesimulator*]" = YES;
				"INFOPLIST_KEY_UIStatusBarStyle[sdk=iphoneos*]" = UIStatusBarStyleDefault;
				"INFOPLIST_KEY_UIStatusBarStyle[sdk=iphonesimulator*]" = UIStatusBarStyleDefault;
				INFOPLIST_KEY_UISupportedInterfaceOrientations_iPad = "UIInterfaceOrientationPortrait UIInterfaceOrientationPortraitUpsideDown UIInterfaceOrientationLandscapeLeft UIInterfaceOrientationLandscapeRight";
				INFOPLIST_KEY_UISupportedInterfaceOrientations_iPhone = "UIInterfaceOrientationPortrait UIInterfaceOrientationLandscapeLeft UIInterfaceOrientationLandscapeRight";
				IPHONEOS_DEPLOYMENT_TARGET = 17.5;
				LD_RUNPATH_SEARCH_PATHS = "@executable_path/Frameworks";
				"LD_RUNPATH_SEARCH_PATHS[sdk=macosx*]" = "@executable_path/../Frameworks";
				MACOSX_DEPLOYMENT_TARGET = 14.5;
				MARKETING_VERSION = 1.0;
				PRODUCT_BUNDLE_IDENTIFIER = com.radianrasyid.TaskManagement;
				PRODUCT_NAME = "$(TARGET_NAME)";
				SDKROOT = auto;
				SUPPORTED_PLATFORMS = "iphoneos iphonesimulator";
				SUPPORTS_MACCATALYST = NO;
				SWIFT_EMIT_LOC_STRINGS = YES;
				SWIFT_VERSION = 5.0;
				TARGETED_DEVICE_FAMILY = "1,2";
			};
			name = Release;
		};
		F765BD902C98582300C81CD7 /* Debug */ = {
			isa = XCBuildConfiguration;
			buildSettings = {
				ALWAYS_EMBED_SWIFT_STANDARD_LIBRARIES = YES;
				BUNDLE_LOADER = "$(TEST_HOST)";
				CODE_SIGN_STYLE = Automatic;
				CURRENT_PROJECT_VERSION = 1;
				DEVELOPMENT_TEAM = 486ZHD6ZL5;
				GENERATE_INFOPLIST_FILE = YES;
				IPHONEOS_DEPLOYMENT_TARGET = 17.5;
				MACOSX_DEPLOYMENT_TARGET = 14.5;
				MARKETING_VERSION = 1.0;
				PRODUCT_BUNDLE_IDENTIFIER = com.radianrasyid.TaskManagementTests;
				PRODUCT_NAME = "$(TARGET_NAME)";
				SDKROOT = auto;
				SUPPORTED_PLATFORMS = "iphoneos iphonesimulator macosx";
				SWIFT_EMIT_LOC_STRINGS = NO;
				SWIFT_VERSION = 5.0;
				TARGETED_DEVICE_FAMILY = "1,2";
				TEST_HOST = "$(BUILT_PRODUCTS_DIR)/TaskManagement.app/$(BUNDLE_EXECUTABLE_FOLDER_PATH)/TaskManagement";
			};
			name = Debug;
		};
		F765BD912C98582300C81CD7 /* Release */ = {
			isa = XCBuildConfiguration;
			buildSettings = {
				ALWAYS_EMBED_SWIFT_STANDARD_LIBRARIES = YES;
				BUNDLE_LOADER = "$(TEST_HOST)";
				CODE_SIGN_STYLE = Automatic;
				CURRENT_PROJECT_VERSION = 1;
				DEVELOPMENT_TEAM = 486ZHD6ZL5;
				GENERATE_INFOPLIST_FILE = YES;
				IPHONEOS_DEPLOYMENT_TARGET = 17.5;
				MACOSX_DEPLOYMENT_TARGET = 14.5;
				MARKETING_VERSION = 1.0;
				PRODUCT_BUNDLE_IDENTIFIER = com.radianrasyid.TaskManagementTests;
				PRODUCT_NAME = "$(TARGET_NAME)";
				SDKROOT = auto;
				SUPPORTED_PLATFORMS = "iphoneos iphonesimulator macosx";
				SWIFT_EMIT_LOC_STRINGS = NO;
				SWIFT_VERSION = 5.0;
				TARGETED_DEVICE_FAMILY = "1,2";
				TEST_HOST = "$(BUILT_PRODUCTS_DIR)/TaskManagement.app/$(BUNDLE_EXECUTABLE_FOLDER_PATH)/TaskManagement";
			};
			name = Release;
		};
		F765BD932C98582300C81CD7 /* Debug */ = {
			isa = XCBuildConfiguration;
			buildSettings = {
				ALWAYS_EMBED_SWIFT_STANDARD_LIBRARIES = YES;
				CODE_SIGN_STYLE = Automatic;
				CURRENT_PROJECT_VERSION = 1;
				DEVELOPMENT_TEAM = 486ZHD6ZL5;
				GENERATE_INFOPLIST_FILE = YES;
				IPHONEOS_DEPLOYMENT_TARGET = 17.5;
				MACOSX_DEPLOYMENT_TARGET = 14.5;
				MARKETING_VERSION = 1.0;
				PRODUCT_BUNDLE_IDENTIFIER = com.radianrasyid.TaskManagementUITests;
				PRODUCT_NAME = "$(TARGET_NAME)";
				SDKROOT = auto;
				SUPPORTED_PLATFORMS = "iphoneos iphonesimulator macosx";
				SWIFT_EMIT_LOC_STRINGS = NO;
				SWIFT_VERSION = 5.0;
				TARGETED_DEVICE_FAMILY = "1,2";
				TEST_TARGET_NAME = TaskManagement;
			};
			name = Debug;
		};
		F765BD942C98582300C81CD7 /* Release */ = {
			isa = XCBuildConfiguration;
			buildSettings = {
				ALWAYS_EMBED_SWIFT_STANDARD_LIBRARIES = YES;
				CODE_SIGN_STYLE = Automatic;
				CURRENT_PROJECT_VERSION = 1;
				DEVELOPMENT_TEAM = 486ZHD6ZL5;
				GENERATE_INFOPLIST_FILE = YES;
				IPHONEOS_DEPLOYMENT_TARGET = 17.5;
				MACOSX_DEPLOYMENT_TARGET = 14.5;
				MARKETING_VERSION = 1.0;
				PRODUCT_BUNDLE_IDENTIFIER = com.radianrasyid.TaskManagementUITests;
				PRODUCT_NAME = "$(TARGET_NAME)";
				SDKROOT = auto;
				SUPPORTED_PLATFORMS = "iphoneos iphonesimulator macosx";
				SWIFT_EMIT_LOC_STRINGS = NO;
				SWIFT_VERSION = 5.0;
				TARGETED_DEVICE_FAMILY = "1,2";
				TEST_TARGET_NAME = TaskManagement;
			};
			name = Release;
		};
/* End XCBuildConfiguration section */

/* Begin XCConfigurationList section */
		F765BD622C98582100C81CD7 /* Build configuration list for PBXProject "TaskManagement" */ = {
			isa = XCConfigurationList;
			buildConfigurations = (
				F765BD8A2C98582300C81CD7 /* Debug */,
				F765BD8B2C98582300C81CD7 /* Release */,
			);
			defaultConfigurationIsVisible = 0;
			defaultConfigurationName = Release;
		};
		F765BD8C2C98582300C81CD7 /* Build configuration list for PBXNativeTarget "TaskManagement" */ = {
			isa = XCConfigurationList;
			buildConfigurations = (
				F765BD8D2C98582300C81CD7 /* Debug */,
				F765BD8E2C98582300C81CD7 /* Release */,
			);
			defaultConfigurationIsVisible = 0;
			defaultConfigurationName = Release;
		};
		F765BD8F2C98582300C81CD7 /* Build configuration list for PBXNativeTarget "TaskManagementTests" */ = {
			isa = XCConfigurationList;
			buildConfigurations = (
				F765BD902C98582300C81CD7 /* Debug */,
				F765BD912C98582300C81CD7 /* Release */,
			);
			defaultConfigurationIsVisible = 0;
			defaultConfigurationName = Release;
		};
		F765BD922C98582300C81CD7 /* Build configuration list for PBXNativeTarget "TaskManagementUITests" */ = {
			isa = XCConfigurationList;
			buildConfigurations = (
				F765BD932C98582300C81CD7 /* Debug */,
				F765BD942C98582300C81CD7 /* Release */,
			);
			defaultConfigurationIsVisible = 0;
			defaultConfigurationName = Release;
		};
/* End XCConfigurationList section */
	};
	rootObject = F765BD5F2C98582100C81CD7 /* Project object */;
}
